{
  "nodes": {
    "flake-parts": {
      "inputs": {
        "nixpkgs-lib": [
          "nixpkgs"
        ]
      },
      "locked": {
        "lastModified": 1762040540,
        "narHash": "sha256-z5PlZ47j50VNF3R+IMS9LmzI5fYRGY/Z5O5tol1c9I4=",
        "owner": "hercules-ci",
        "repo": "flake-parts",
        "rev": "0010412d62a25d959151790968765a70c436598b",
        "type": "github"
      },
      "original": {
        "owner": "hercules-ci",
        "repo": "flake-parts",
        "type": "github"
      }
    },
    "nixpkgs": {
      "locked": {
        "lastModified": 1762214067,
        "narHash": "sha256-0wSJxYWcrzpQ2qL0VpkN14Pf2m4kaMDPxS5jpddVKik=",
        "owner": "GaetanLepage",
        "repo": "nixpkgs",
        "rev": "15758e355aab415167f043041dcc9b1d60b511a5",
        "type": "github"
      },
      "original": {
        "owner": "GaetanLepage",
        "ref": "ci-allow-insecure",
        "repo": "nixpkgs",
        "type": "github"
      }
    },
    "root": {
      "inputs": {
        "flake-parts": "flake-parts",
        "nixpkgs": "nixpkgs"
      }
    }
  },
  "root": "root",
  "version": 7
}
